Microsoft Visual Studio Solution File, Format Version 12.00
# Visual Studio Version 17
VisualStudioVersion = 17.5.2.0
MinimumVisualStudioVersion = 10.0.40219.1
Project("{FAE04EC0-301F-11D3-BF4B-00C04F79EFBC}") = "CustomMiddleware", "CustomMiddleware.csproj", "{44CEF3FB-DDE7-65DF-D267-EC43D8D2857E}"
EndProject
Global
	GlobalSection(SolutionConfigurationPlatforms) = preSolution
		Debug|Any CPU = Debug|Any CPU
		Release|Any CPU = Release|Any CPU
	EndGlobalSection
	GlobalSection(ProjectConfigurationPlatforms) = postSolution
		{44CEF3FB-DDE7-65DF-D267-EC43D8D2857E}.Debug|Any CPU.ActiveCfg = Debug|Any CPU
		{44CEF3FB-DDE7-65DF-D267-EC43D8D2857E}.Debug|Any CPU.Build.0 = Debug|Any CPU
		{44CEF3FB-DDE7-65DF-D267-EC43D8D2857E}.Release|Any CPU.ActiveCfg = Release|Any CPU
		{44CEF3FB-DDE7-65DF-D267-EC43D8D2857E}.Release|Any CPU.Build.0 = Release|Any CPU
	EndGlobalSection
	GlobalSection(SolutionProperties) = preSolution
		HideSolutionNode = FALSE
	EndGlobalSection
	GlobalSection(ExtensibilityGlobals) = postSolution
		SolutionGuid = {C4CD7AE4-DD26-43B1-9562-F9B2C18D85A0}
	EndGlobalSection
EndGlobal
